
Microsoft Visual Studio Solution File, Format Version 12.00
# Visual Studio Version 16
VisualStudioVersion = 16.0.31424.327
MinimumVisualStudioVersion = 10.0.40219.1
Project("{FAE04EC0-301F-11D3-BF4B-00C04F79EFBC}") = "ConsoleApp4", "ConsoleApp4\ConsoleApp4.csproj", "{1EF25298-97DA-4136-B9E6-D587FFC8E8F6}"
EndProject
Project("{FAE04EC0-301F-11D3-BF4B-00C04F79EFBC}") = "ConsoleApp1", "ConsoleApp1\ConsoleApp1.csproj", "{BBB1169D-9175-451C-B577-85E106B5E135}"
EndProject
Project("{FAE04EC0-301F-11D3-BF4B-00C04F79EFBC}") = "ConsoleApp2", "ConsoleApp2\ConsoleApp2.csproj", "{991C4708-BFFD-47D6-948F-25D51E528620}"
EndProject
Global
	GlobalSection(SolutionConfigurationPlatforms) = preSolution
		Debug|Any CPU = Debug|Any CPU
		Release|Any CPU = Release|Any CPU
	EndGlobalSection
	GlobalSection(ProjectConfigurationPlatforms) = postSolution
		{1EF25298-97DA-4136-B9E6-D587FFC8E8F6}.Debug|Any CPU.ActiveCfg = Debug|Any CPU
		{1EF25298-97DA-4136-B9E6-D587FFC8E8F6}.Debug|Any CPU.Build.0 = Debug|Any CPU
		{1EF25298-97DA-4136-B9E6-D587FFC8E8F6}.Release|Any CPU.ActiveCfg = Release|Any CPU
		{1EF25298-97DA-4136-B9E6-D587FFC8E8F6}.Release|Any CPU.Build.0 = Release|Any CPU
		{BBB1169D-9175-451C-B577-85E106B5E135}.Debug|Any CPU.ActiveCfg = Debug|Any CPU
		{BBB1169D-9175-451C-B577-85E106B5E135}.Debug|Any CPU.Build.0 = Debug|Any CPU
		{BBB1169D-9175-451C-B577-85E106B5E135}.Release|Any CPU.ActiveCfg = Release|Any CPU
		{BBB1169D-9175-451C-B577-85E106B5E135}.Release|Any CPU.Build.0 = Release|Any CPU
		{991C4708-BFFD-47D6-948F-25D51E528620}.Debug|Any CPU.ActiveCfg = Debug|Any CPU
		{991C4708-BFFD-47D6-948F-25D51E528620}.Debug|Any CPU.Build.0 = Debug|Any CPU
		{991C4708-BFFD-47D6-948F-25D51E528620}.Release|Any CPU.ActiveCfg = Release|Any CPU
		{991C4708-BFFD-47D6-948F-25D51E528620}.Release|Any CPU.Build.0 = Release|Any CPU
	EndGlobalSection
	GlobalSection(SolutionProperties) = preSolution
		HideSolutionNode = FALSE
	EndGlobalSection
	GlobalSection(ExtensibilityGlobals) = postSolution
		SolutionGuid = {620EEE18-9BBD-40B1-9555-EEBF4AED2BC4}
	EndGlobalSection
EndGlobal
